
Microsoft Visual Studio Solution File, Format Version 12.00
# Visual Studio Version 17
VisualStudioVersion = 17.14.36414.22 d17.14
MinimumVisualStudioVersion = 10.0.40219.1
Project("{FAE04EC0-301F-11D3-BF4B-00C04F79EFBC}") = "GestionLlaves", "GestionLlaves\GestionLlaves.csproj", "{A0BE29D2-E85F-4A01-9EC5-FBC5432D62D4}"
EndProject
Global
	GlobalSection(SolutionConfigurationPlatforms) = preSolution
		Debug|Any CPU = Debug|Any CPU
		Release|Any CPU = Release|Any CPU
	EndGlobalSection
	GlobalSection(ProjectConfigurationPlatforms) = postSolution
		{A0BE29D2-E85F-4A01-9EC5-FBC5432D62D4}.Debug|Any CPU.ActiveCfg = Debug|Any CPU
		{A0BE29D2-E85F-4A01-9EC5-FBC5432D62D4}.Debug|Any CPU.Build.0 = Debug|Any CPU
		{A0BE29D2-E85F-4A01-9EC5-FBC5432D62D4}.Release|Any CPU.ActiveCfg = Release|Any CPU
		{A0BE29D2-E85F-4A01-9EC5-FBC5432D62D4}.Release|Any CPU.Build.0 = Release|Any CPU
	EndGlobalSection
	GlobalSection(SolutionProperties) = preSolution
		HideSolutionNode = FALSE
	EndGlobalSection
	GlobalSection(ExtensibilityGlobals) = postSolution
		SolutionGuid = {0E7A62EB-0ED3-4F15-BC45-74D7467CAE84}
	EndGlobalSection
EndGlobal
